// !$*UTF8*$!
{
	archiveVersion = 1;
	classes = {
	};
	objectVersion = 55;
	objects = {

/* Begin PBXBuildFile section */
		3C7905C92833B1D60044ADC3 /* AppDelegate.swift in Sources */ = {isa = PBXBuildFile; fileRef = 3C7905C82833B1D60044ADC3 /* AppDelegate.swift */; };
		3C7905CB2833B1D60044ADC3 /* SceneDelegate.swift in Sources */ = {isa = PBXBuildFile; fileRef = 3C7905CA2833B1D60044ADC3 /* SceneDelegate.swift */; };
		3C7905CD2833B1D60044ADC3 /* CategoryViewController.swift in Sources */ = {isa = PBXBuildFile; fileRef = 3C7905CC2833B1D60044ADC3 /* CategoryViewController.swift */; };
		3C7905D22833B1DA0044ADC3 /* Assets.xcassets in Resources */ = {isa = PBXBuildFile; fileRef = 3C7905D12833B1DA0044ADC3 /* Assets.xcassets */; };
		3C7905D52833B1DA0044ADC3 /* LaunchScreen.storyboard in Resources */ = {isa = PBXBuildFile; fileRef = 3C7905D32833B1DA0044ADC3 /* LaunchScreen.storyboard */; };
		3C7905DD2833B2320044ADC3 /* Extension + NavigationBar.swift in Sources */ = {isa = PBXBuildFile; fileRef = 3C7905DC2833B2320044ADC3 /* Extension + NavigationBar.swift */; };
		3C7905DF2833B3210044ADC3 /* Main.storyboard in Resources */ = {isa = PBXBuildFile; fileRef = 3C7905DE2833B3200044ADC3 /* Main.storyboard */; };
		3C7905E12833B3B30044ADC3 /* TodoListViewController.swift in Sources */ = {isa = PBXBuildFile; fileRef = 3C7905E02833B3B30044ADC3 /* TodoListViewController.swift */; };
		E1F968D63E3CED74D8BF2C56 /* Pods_Todo_Realm.framework in Frameworks */ = {isa = PBXBuildFile; fileRef = 36B40A5D183D9ECE6D33EEB1 /* Pods_Todo_Realm.framework */; };
/* End PBXBuildFile section */

/* Begin PBXFileReference section */
		36B40A5D183D9ECE6D33EEB1 /* Pods_Todo_Realm.framework */ = {isa = PBXFileReference; explicitFileType = wrapper.framework; includeInIndex = 0; path = Pods_Todo_Realm.framework; sourceTree = BUILT_PRODUCTS_DIR; };
		3C7905C52833B1D60044ADC3 /* Todo Realm.app */ = {isa = PBXFileReference; explicitFileType = wrapper.application; includeInIndex = 0; path = "Todo Realm.app"; sourceTree = BUILT_PRODUCTS_DIR; };
		3C7905C82833B1D60044ADC3 /* AppDelegate.swift */ = {isa = PBXFileReference; lastKnownFileType = sourcecode.swift; path = AppDelegate.swift; sourceTree = "<group>"; };
		3C7905CA2833B1D60044ADC3 /* SceneDelegate.swift */ = {isa = PBXFileReference; lastKnownFileType = sourcecode.swift; path = SceneDelegate.swift; sourceTree = "<group>"; };
		3C7905CC2833B1D60044ADC3 /* CategoryViewController.swift */ = {isa = PBXFileReference; lastKnownFileType = sourcecode.swift; path = CategoryViewController.swift; sourceTree = "<group>"; };
		3C7905D12833B1DA0044ADC3 /* Assets.xcassets */ = {isa = PBXFileReference; lastKnownFileType = folder.assetcatalog; path = Assets.xcassets; sourceTree = "<group>"; };
		3C7905D42833B1DA0044ADC3 /* Base */ = {isa = PBXFileReference; lastKnownFileType = file.storyboard; name = Base; path = Base.lproj/LaunchScreen.storyboard; sourceTree = "<group>"; };
		3C7905D62833B1DA0044ADC3 /* Info.plist */ = {isa = PBXFileReference; lastKnownFileType = text.plist.xml; path = Info.plist; sourceTree = "<group>"; };
		3C7905DC2833B2320044ADC3 /* Extension + NavigationBar.swift */ = {isa = PBXFileReference; lastKnownFileType = sourcecode.swift; path = "Extension + NavigationBar.swift"; sourceTree = "<group>"; };
		3C7905DE2833B3200044ADC3 /* Main.storyboard */ = {isa = PBXFileReference; fileEncoding = 4; lastKnownFileType = file.storyboard; path = Main.storyboard; sourceTree = "<group>"; };
		3C7905E02833B3B30044ADC3 /* TodoListViewController.swift */ = {isa = PBXFileReference; lastKnownFileType = sourcecode.swift; path = TodoListViewController.swift; sourceTree = "<group>"; };
		44C7BFF2747C069E774E34B8 /* Pods-Todo Realm.debug.xcconfig */ = {isa = PBXFileReference; includeInIndex = 1; lastKnownFileType = text.xcconfig; name = "Pods-Todo Realm.debug.xcconfig"; path = "Target Support Files/Pods-Todo Realm/Pods-Todo Realm.debug.xcconfig"; sourceTree = "<group>"; };
		9F77CFEA7549EDCE69326DEF /* Pods-Todo Realm.release.xcconfig */ = {isa = PBXFileReference; includeInIndex = 1; lastKnownFileType = text.xcconfig; name = "Pods-Todo Realm.release.xcconfig"; path = "Target Support Files/Pods-Todo Realm/Pods-Todo Realm.release.xcconfig"; sourceTree = "<group>"; };
/* End PBXFileReference section */

/* Begin PBXFrameworksBuildPhase section */
		3C7905C22833B1D60044ADC3 /* Frameworks */ = {
			isa = PBXFrameworksBuildPhase;
			buildActionMask = 2147483647;
			files = (
				E1F968D63E3CED74D8BF2C56 /* Pods_Todo_Realm.framework in Frameworks */,
			);
			runOnlyForDeploymentPostprocessing = 0;
		};
/* End PBXFrameworksBuildPhase section */

/* Begin PBXGroup section */
		3C7905BC2833B1D60044ADC3 = {
			isa = PBXGroup;
			children = (
				3C7905C72833B1D60044ADC3 /* Todo Realm */,
				3C7905C62833B1D60044ADC3 /* Products */,
				C8CD8A8133410391A5803397 /* Pods */,
				43042F38DDFCA30AE51F1B42 /* Frameworks */,
			);
			sourceTree = "<group>";
		};
		3C7905C62833B1D60044ADC3 /* Products */ = {
			isa = PBXGroup;
			children = (
				3C7905C52833B1D60044ADC3 /* Todo Realm.app */,
			);
			name = Products;
			sourceTree = "<group>";
		};
		3C7905C72833B1D60044ADC3 /* Todo Realm */ = {
			isa = PBXGroup;
			children = (
				3C7905C82833B1D60044ADC3 /* AppDelegate.swift */,
				3C7905CA2833B1D60044ADC3 /* SceneDelegate.swift */,
				3C7905E22833B3BE0044ADC3 /* Controllers */,
				3C7905E32833B3CA0044ADC3 /* Views */,
				3C7905E42833B3D90044ADC3 /* Supprting files */,
				3C7905D62833B1DA0044ADC3 /* Info.plist */,
			);
			path = "Todo Realm";
			sourceTree = "<group>";
		};
		3C7905E22833B3BE0044ADC3 /* Controllers */ = {
			isa = PBXGroup;
			children = (
				3C7905CC2833B1D60044ADC3 /* CategoryViewController.swift */,
				3C7905E02833B3B30044ADC3 /* TodoListViewController.swift */,
			);
			path = Controllers;
			sourceTree = "<group>";
		};
		3C7905E32833B3CA0044ADC3 /* Views */ = {
			isa = PBXGroup;
			children = (
				3C7905DE2833B3200044ADC3 /* Main.storyboard */,
			);
			path = Views;
			sourceTree = "<group>";
		};
		3C7905E42833B3D90044ADC3 /* Supprting files */ = {
			isa = PBXGroup;
			children = (
				3C7905DC2833B2320044ADC3 /* Extension + NavigationBar.swift */,
				3C7905D12833B1DA0044ADC3 /* Assets.xcassets */,
				3C7905D32833B1DA0044ADC3 /* LaunchScreen.storyboard */,
			);
			path = "Supprting files";
			sourceTree = "<group>";
		};
		43042F38DDFCA30AE51F1B42 /* Frameworks */ = {
			isa = PBXGroup;
			children = (
				36B40A5D183D9ECE6D33EEB1 /* Pods_Todo_Realm.framework */,
			);
			name = Frameworks;
			sourceTree = "<group>";
		};
		C8CD8A8133410391A5803397 /* Pods */ = {
			isa = PBXGroup;
			children = (
				44C7BFF2747C069E774E34B8 /* Pods-Todo Realm.debug.xcconfig */,
				9F77CFEA7549EDCE69326DEF /* Pods-Todo Realm.release.xcconfig */,
			);
			name = Pods;
			path = Pods;
			sourceTree = "<group>";
		};
/* End PBXGroup section */

/* Begin PBXNativeTarget section */
		3C7905C42833B1D60044ADC3 /* Todo Realm */ = {
			isa = PBXNativeTarget;
			buildConfigurationList = 3C7905D92833B1DA0044ADC3 /* Build configuration list for PBXNativeTarget "Todo Realm" */;
			buildPhases = (
				33C2EB30E4D33F0F879DBC74 /* [CP] Check Pods Manifest.lock */,
				3C7905C12833B1D60044ADC3 /* Sources */,
				3C7905C22833B1D60044ADC3 /* Frameworks */,
				3C7905C32833B1D60044ADC3 /* Resources */,
				3A0749551B41666EE3F2D7E0 /* [CP] Embed Pods Frameworks */,
			);
			buildRules = (
			);
			dependencies = (
			);
			name = "Todo Realm";
			productName = "Todo Realm";
			productReference = 3C7905C52833B1D60044ADC3 /* Todo Realm.app */;
			productType = "com.apple.product-type.application";
		};
/* End PBXNativeTarget section */

/* Begin PBXProject section */
		3C7905BD2833B1D60044ADC3 /* Project object */ = {
			isa = PBXProject;
			attributes = {
				BuildIndependentTargetsInParallel = 1;
				LastSwiftUpdateCheck = 1330;
				LastUpgradeCheck = 1330;
				TargetAttributes = {
					3C7905C42833B1D60044ADC3 = {
						CreatedOnToolsVersion = 13.3.1;
					};
				};
			};
			buildConfigurationList = 3C7905C02833B1D60044ADC3 /* Build configuration list for PBXProject "Todo Realm" */;
			compatibilityVersion = "Xcode 13.0";
			developmentRegion = en;
			hasScannedForEncodings = 0;
			knownRegions = (
				en,
				Base,
			);
			mainGroup = 3C7905BC2833B1D60044ADC3;
			productRefGroup = 3C7905C62833B1D60044ADC3 /* Products */;
			projectDirPath = "";
			projectRoot = "";
			targets = (
				3C7905C42833B1D60044ADC3 /* Todo Realm */,
			);
		};
/* End PBXProject section */

/* Begin PBXResourcesBuildPhase section */
		3C7905C32833B1D60044ADC3 /* Resources */ = {
			isa = PBXResourcesBuildPhase;
			buildActionMask = 2147483647;
			files = (
				3C7905DF2833B3210044ADC3 /* Main.storyboard in Resources */,
				3C7905D52833B1DA0044ADC3 /* LaunchScreen.storyboard in Resources */,
				3C7905D22833B1DA0044ADC3 /* Assets.xcassets in Resources */,
			);
			runOnlyForDeploymentPostprocessing = 0;
		};
/* End PBXResourcesBuildPhase section */

/* Begin PBXShellScriptBuildPhase section */
		33C2EB30E4D33F0F879DBC74 /* [CP] Check Pods Manifest.lock */ = {
			isa = PBXShellScriptBuildPhase;
			buildActionMask = 2147483647;
			files = (
			);
			inputFileListPaths = (
			);
			inputPaths = (
				"${PODS_PODFILE_DIR_PATH}/Podfile.lock",
				"${PODS_ROOT}/Manifest.lock",
			);
			name = "[CP] Check Pods Manifest.lock";
			outputFileListPaths = (
			);
			outputPaths = (
				"$(DERIVED_FILE_DIR)/Pods-Todo Realm-checkManifestLockResult.txt",
			);
			runOnlyForDeploymentPostprocessing = 0;
			shellPath = /bin/sh;
			shellScript = "diff \"${PODS_PODFILE_DIR_PATH}/Podfile.lock\" \"${PODS_ROOT}/Manifest.lock\" > /dev/null\nif [ $? != 0 ] ; then\n    # print error to STDERR\n    echo \"error: The sandbox is not in sync with the Podfile.lock. Run 'pod install' or update your CocoaPods installation.\" >&2\n    exit 1\nfi\n# This output is used by Xcode 'outputs' to avoid re-running this script phase.\necho \"SUCCESS\" > \"${SCRIPT_OUTPUT_FILE_0}\"\n";
			showEnvVarsInLog = 0;
		};
		3A0749551B41666EE3F2D7E0 /* [CP] Embed Pods Frameworks */ = {
			isa = PBXShellScriptBuildPhase;
			buildActionMask = 2147483647;
			files = (
			);
			inputFileListPaths = (
				"${PODS_ROOT}/Target Support Files/Pods-Todo Realm/Pods-Todo Realm-frameworks-${CONFIGURATION}-input-files.xcfilelist",
			);
			name = "[CP] Embed Pods Frameworks";
			outputFileListPaths = (
				"${PODS_ROOT}/Target Support Files/Pods-Todo Realm/Pods-Todo Realm-frameworks-${CONFIGURATION}-output-files.xcfilelist",
			);
			runOnlyForDeploymentPostprocessing = 0;
			shellPath = /bin/sh;
			shellScript = "\"${PODS_ROOT}/Target Support Files/Pods-Todo Realm/Pods-Todo Realm-frameworks.sh\"\n";
			showEnvVarsInLog = 0;
		};
/* End PBXShellScriptBuildPhase section */

/* Begin PBXSourcesBuildPhase section */
		3C7905C12833B1D60044ADC3 /* Sources */ = {
			isa = PBXSourcesBuildPhase;
			buildActionMask = 2147483647;
			files = (
				3C7905CD2833B1D60044ADC3 /* CategoryViewController.swift in Sources */,
				3C7905C92833B1D60044ADC3 /* AppDelegate.swift in Sources */,
				3C7905CB2833B1D60044ADC3 /* SceneDelegate.swift in Sources */,
				3C7905DD2833B2320044ADC3 /* Extension + NavigationBar.swift in Sources */,
				3C7905E12833B3B30044ADC3 /* TodoListViewController.swift in Sources */,
			);
			runOnlyForDeploymentPostprocessing = 0;
		};
/* End PBXSourcesBuildPhase section */

/* Begin PBXVariantGroup section */
		3C7905D32833B1DA0044ADC3 /* LaunchScreen.storyboard */ = {
			isa = PBXVariantGroup;
			children = (
				3C7905D42833B1DA0044ADC3 /* Base */,
			);
			name = LaunchScreen.storyboard;
			sourceTree = "<group>";
		};
/* End PBXVariantGroup section */

/* Begin XCBuildConfiguration section */
		3C7905D72833B1DA0044ADC3 /* Debug */ = {
			isa = XCBuildConfiguration;
			buildSettings = {
				ALWAYS_SEARCH_USER_PATHS = NO;
				CLANG_ANALYZER_NONNULL = YES;
				CLANG_ANALYZER_NUMBER_OBJECT_CONVERSION = YES_AGGRESSIVE;
				CLANG_CXX_LANGUAGE_STANDARD = "gnu++17";
				CLANG_ENABLE_MODULES = YES;
				CLANG_ENABLE_OBJC_ARC = YES;
				CLANG_ENABLE_OBJC_WEAK = YES;
				CLANG_WARN_BLOCK_CAPTURE_AUTORELEASING = YES;
				CLANG_WARN_BOOL_CONVERSION = YES;
				CLANG_WARN_COMMA = YES;
				CLANG_WARN_CONSTANT_CONVERSION = YES;
				CLANG_WARN_DEPRECATED_OBJC_IMPLEMENTATIONS = YES;
				CLANG_WARN_DIRECT_OBJC_ISA_USAGE = YES_ERROR;
				CLANG_WARN_DOCUMENTATION_COMMENTS = YES;
				CLANG_WARN_EMPTY_BODY = YES;
				CLANG_WARN_ENUM_CONVERSION = YES;
				CLANG_WARN_INFINITE_RECURSION = YES;
				CLANG_WARN_INT_CONVERSION = YES;
				CLANG_WARN_NON_LITERAL_NULL_CONVERSION = YES;
				CLANG_WARN_OBJC_IMPLICIT_RETAIN_SELF = YES;
				CLANG_WARN_OBJC_LITERAL_CONVERSION = YES;
				CLANG_WARN_OBJC_ROOT_CLASS = YES_ERROR;
				CLANG_WARN_QUOTED_INCLUDE_IN_FRAMEWORK_HEADER = YES;
				CLANG_WARN_RANGE_LOOP_ANALYSIS = YES;
				CLANG_WARN_STRICT_PROTOTYPES = YES;
				CLANG_WARN_SUSPICIOUS_MOVE = YES;
				CLANG_WARN_UNGUARDED_AVAILABILITY = YES_AGGRESSIVE;
				CLANG_WARN_UNREACHABLE_CODE = YES;
				CLANG_WARN__DUPLICATE_METHOD_MATCH = YES;
				COPY_PHASE_STRIP = NO;
				DEBUG_INFORMATION_FORMAT = dwarf;
				ENABLE_STRICT_OBJC_MSGSEND = YES;
				ENABLE_TESTABILITY = YES;
				GCC_C_LANGUAGE_STANDARD = gnu11;
				GCC_DYNAMIC_NO_PIC = NO;
				GCC_NO_COMMON_BLOCKS = YES;
				GCC_OPTIMIZATION_LEVEL = 0;
				GCC_PREPROCESSOR_DEFINITIONS = (
					"DEBUG=1",
					"$(inherited)",
				);
				GCC_WARN_64_TO_32_BIT_CONVERSION = YES;
				GCC_WARN_ABOUT_RETURN_TYPE = YES_ERROR;
				GCC_WARN_UNDECLARED_SELECTOR = YES;
				GCC_WARN_UNINITIALIZED_AUTOS = YES_AGGRESSIVE;
				GCC_WARN_UNUSED_FUNCTION = YES;
				GCC_WARN_UNUSED_VARIABLE = YES;
				IPHONEOS_DEPLOYMENT_TARGET = 15.4;
				MTL_ENABLE_DEBUG_INFO = INCLUDE_SOURCE;
				MTL_FAST_MATH = YES;
				ONLY_ACTIVE_ARCH = YES;
				SDKROOT = iphoneos;
				SWIFT_ACTIVE_COMPILATION_CONDITIONS = DEBUG;
				SWIFT_OPTIMIZATION_LEVEL = "-Onone";
			};
			name = Debug;
		};
		3C7905D82833B1DA0044ADC3 /* Release */ = {
			isa = XCBuildConfiguration;
			buildSettings = {
				ALWAYS_SEARCH_USER_PATHS = NO;
				CLANG_ANALYZER_NONNULL = YES;
				CLANG_ANALYZER_NUMBER_OBJECT_CONVERSION = YES_AGGRESSIVE;
				CLANG_CXX_LANGUAGE_STANDARD = "gnu++17";
				CLANG_ENABLE_MODULES = YES;
				CLANG_ENABLE_OBJC_ARC = YES;
				CLANG_ENABLE_OBJC_WEAK = YES;
				CLANG_WARN_BLOCK_CAPTURE_AUTORELEASING = YES;
				CLANG_WARN_BOOL_CONVERSION = YES;
				CLANG_WARN_COMMA = YES;
				CLANG_WARN_CONSTANT_CONVERSION = YES;
				CLANG_WARN_DEPRECATED_OBJC_IMPLEMENTATIONS = YES;
				CLANG_WARN_DIRECT_OBJC_ISA_USAGE = YES_ERROR;
				CLANG_WARN_DOCUMENTATION_COMMENTS = YES;
				CLANG_WARN_EMPTY_BODY = YES;
				CLANG_WARN_ENUM_CONVERSION = YES;
				CLANG_WARN_INFINITE_RECURSION = YES;
				CLANG_WARN_INT_CONVERSION = YES;
				CLANG_WARN_NON_LITERAL_NULL_CONVERSION = YES;
				CLANG_WARN_OBJC_IMPLICIT_RETAIN_SELF = YES;
				CLANG_WARN_OBJC_LITERAL_CONVERSION = YES;
				CLANG_WARN_OBJC_ROOT_CLASS = YES_ERROR;
				CLANG_WARN_QUOTED_INCLUDE_IN_FRAMEWORK_HEADER = YES;
				CLANG_WARN_RANGE_LOOP_ANALYSIS = YES;
				CLANG_WARN_STRICT_PROTOTYPES = YES;
				CLANG_WARN_SUSPICIOUS_MOVE = YES;
				CLANG_WARN_UNGUARDED_AVAILABILITY = YES_AGGRESSIVE;
				CLANG_WARN_UNREACHABLE_CODE = YES;
				CLANG_WARN__DUPLICATE_METHOD_MATCH = YES;
				COPY_PHASE_STRIP = NO;
				DEBUG_INFORMATION_FORMAT = "dwarf-with-dsym";
				ENABLE_NS_ASSERTIONS = NO;
				ENABLE_STRICT_OBJC_MSGSEND = YES;
				GCC_C_LANGUAGE_STANDARD = gnu11;
				GCC_NO_COMMON_BLOCKS = YES;
				GCC_WARN_64_TO_32_BIT_CONVERSION = YES;
				GCC_WARN_ABOUT_RETURN_TYPE = YES_ERROR;
				GCC_WARN_UNDECLARED_SELECTOR = YES;
				GCC_WARN_UNINITIALIZED_AUTOS = YES_AGGRESSIVE;
				GCC_WARN_UNUSED_FUNCTION = YES;
				GCC_WARN_UNUSED_VARIABLE = YES;
				IPHONEOS_DEPLOYMENT_TARGET = 15.4;
				MTL_ENABLE_DEBUG_INFO = NO;
				MTL_FAST_MATH = YES;
				SDKROOT = iphoneos;
				SWIFT_COMPILATION_MODE = wholemodule;
				SWIFT_OPTIMIZATION_LEVEL = "-O";
				VALIDATE_PRODUCT = YES;
			};
			name = Release;
		};
		3C7905DA2833B1DA0044ADC3 /* Debug */ = {
			isa = XCBuildConfiguration;
			baseConfigurationReference = 44C7BFF2747C069E774E34B8 /* Pods-Todo Realm.debug.xcconfig */;
			buildSettings = {
				ASSETCATALOG_COMPILER_APPICON_NAME = AppIcon;
				ASSETCATALOG_COMPILER_GLOBAL_ACCENT_COLOR_NAME = AccentColor;
				CODE_SIGN_STYLE = Automatic;
				CURRENT_PROJECT_VERSION = 1;
				DEVELOPMENT_TEAM = RQYPG8XK25;
				GENERATE_INFOPLIST_FILE = YES;
				INFOPLIST_FILE = "Todo Realm/Info.plist";
				INFOPLIST_KEY_UIApplicationSupportsIndirectInputEvents = YES;
				INFOPLIST_KEY_UILaunchStoryboardName = LaunchScreen;
				INFOPLIST_KEY_UIMainStoryboardFile = Main;
				INFOPLIST_KEY_UISupportedInterfaceOrientations_iPad = "UIInterfaceOrientationPortrait UIInterfaceOrientationPortraitUpsideDown UIInterfaceOrientationLandscapeLeft UIInterfaceOrientationLandscapeRight";
				INFOPLIST_KEY_UISupportedInterfaceOrientations_iPhone = "UIInterfaceOrientationPortrait UIInterfaceOrientationLandscapeLeft UIInterfaceOrientationLandscapeRight";
				LD_RUNPATH_SEARCH_PATHS = (
					"$(inherited)",
					"@executable_path/Frameworks",
				);
				MARKETING_VERSION = 1.0;
				PRODUCT_BUNDLE_IDENTIFIER = "com.ckost9n.Todo-Realm";
				PRODUCT_NAME = "$(TARGET_NAME)";
				SWIFT_EMIT_LOC_STRINGS = YES;
				SWIFT_VERSION = 5.0;
				TARGETED_DEVICE_FAMILY = "1,2";
			};
			name = Debug;
		};
		3C7905DB2833B1DA0044ADC3 /* Release */ = {
			isa = XCBuildConfiguration;
			baseConfigurationReference = 9F77CFEA7549EDCE69326DEF /* Pods-Todo Realm.release.xcconfig */;
			buildSettings = {
				ASSETCATALOG_COMPILER_APPICON_NAME = AppIcon;
				ASSETCATALOG_COMPILER_GLOBAL_ACCENT_COLOR_NAME = AccentColor;
				CODE_SIGN_STYLE = Automatic;
				CURRENT_PROJECT_VERSION = 1;
				DEVELOPMENT_TEAM = RQYPG8XK25;
				GENERATE_INFOPLIST_FILE = YES;
				INFOPLIST_FILE = "Todo Realm/Info.plist";
				INFOPLIST_KEY_UIApplicationSupportsIndirectInputEvents = YES;
				INFOPLIST_KEY_UILaunchStoryboardName = LaunchScreen;
				INFOPLIST_KEY_UIMainStoryboardFile = Main;
				INFOPLIST_KEY_UISupportedInterfaceOrientations_iPad = "UIInterfaceOrientationPortrait UIInterfaceOrientationPortraitUpsideDown UIInterfaceOrientationLandscapeLeft UIInterfaceOrientationLandscapeRight";
				INFOPLIST_KEY_UISupportedInterfaceOrientations_iPhone = "UIInterfaceOrientationPortrait UIInterfaceOrientationLandscapeLeft UIInterfaceOrientationLandscapeRight";
				LD_RUNPATH_SEARCH_PATHS = (
					"$(inherited)",
					"@executable_path/Frameworks",
				);
				MARKETING_VERSION = 1.0;
				PRODUCT_BUNDLE_IDENTIFIER = "com.ckost9n.Todo-Realm";
				PRODUCT_NAME = "$(TARGET_NAME)";
				SWIFT_EMIT_LOC_STRINGS = YES;
				SWIFT_VERSION = 5.0;
				TARGETED_DEVICE_FAMILY = "1,2";
			};
			name = Release;
		};
/* End XCBuildConfiguration section */

/* Begin XCConfigurationList section */
		3C7905C02833B1D60044ADC3 /* Build configuration list for PBXProject "Todo Realm" */ = {
			isa = XCConfigurationList;
			buildConfigurations = (
				3C7905D72833B1DA0044ADC3 /* Debug */,
				3C7905D82833B1DA0044ADC3 /* Release */,
			);
			defaultConfigurationIsVisible = 0;
			defaultConfigurationName = Release;
		};
		3C7905D92833B1DA0044ADC3 /* Build configuration list for PBXNativeTarget "Todo Realm" */ = {
			isa = XCConfigurationList;
			buildConfigurations = (
				3C7905DA2833B1DA0044ADC3 /* Debug */,
				3C7905DB2833B1DA0044ADC3 /* Release */,
			);
			defaultConfigurationIsVisible = 0;
			defaultConfigurationName = Release;
		};
/* End XCConfigurationList section */
	};
	rootObject = 3C7905BD2833B1D60044ADC3 /* Project object */;
}
